lockfileVersion: '9.0'

settings:
  autoInstallPeers: true
  excludeLinksFromLockfile: false

importers:

  .:
    devDependencies:
      typescript:
        specifier: 5.9.2
        version: 5.9.2

packages:

  typescript@5.9.2:
    engines: {node: '>=14.17'}
    hasBin: true

snapshots:

  typescript@5.9.2: {}
